// !$*UTF8*$!
{
	archiveVersion = 1;
	classes = {
	};
	objectVersion = 46;
	objects = {

/* Begin PBXBuildFile section */
		A7012BE81AC7DA20009413D2 /* AppDelegate.swift in Sources */ = {isa = PBXBuildFile; fileRef = A7012BE71AC7DA20009413D2 /* AppDelegate.swift */; };
		A7012BEA1AC7DA20009413D2 /* ViewController.swift in Sources */ = {isa = PBXBuildFile; fileRef = A7012BE91AC7DA20009413D2 /* ViewController.swift */; };
		A7012BED1AC7DA20009413D2 /* Main.storyboard in Resources */ = {isa = PBXBuildFile; fileRef = A7012BEB1AC7DA20009413D2 /* Main.storyboard */; };
		A7012BEF1AC7DA20009413D2 /* Images.xcassets in Resources */ = {isa = PBXBuildFile; fileRef = A7012BEE1AC7DA20009413D2 /* Images.xcassets */; };
		A7012BF21AC7DA20009413D2 /* LaunchScreen.xib in Resources */ = {isa = PBXBuildFile; fileRef = A7012BF01AC7DA20009413D2 /* LaunchScreen.xib */; };
		A7012BFE1AC7DA20009413D2 /* JSON_DemoTests.swift in Sources */ = {isa = PBXBuildFile; fileRef = A7012BFD1AC7DA20009413D2 /* JSON_DemoTests.swift */; };
/* End PBXBuildFile section */

/* Begin PBXContainerItemProxy section */
		A7012BF81AC7DA20009413D2 /* PBXContainerItemProxy */ = {
			isa = PBXContainerItemProxy;
			containerPortal = A7012BDA1AC7DA20009413D2 /* Project object */;
			proxyType = 1;
			remoteGlobalIDString = A7012BE11AC7DA20009413D2;
			remoteInfo = "JSON Demo";
		};
/* End PBXContainerItemProxy section */

/* Begin PBXFileReference section */
		A7012BE21AC7DA20009413D2 /* JSON Demo.app */ = {isa = PBXFileReference; explicitFileType = wrapper.application; includeInIndex = 0; path = "JSON Demo.app"; sourceTree = BUILT_PRODUCTS_DIR; };
		A7012BE61AC7DA20009413D2 /* Info.plist */ = {isa = PBXFileReference; lastKnownFileType = text.plist.xml; path = Info.plist; sourceTree = "<group>"; };
		A7012BE71AC7DA20009413D2 /* AppDelegate.swift */ = {isa = PBXFileReference; lastKnownFileType = sourcecode.swift; path = AppDelegate.swift; sourceTree = "<group>"; };
		A7012BE91AC7DA20009413D2 /* ViewController.swift */ = {isa = PBXFileReference; lastKnownFileType = sourcecode.swift; path = ViewController.swift; sourceTree = "<group>"; };
		A7012BEC1AC7DA20009413D2 /* Base */ = {isa = PBXFileReference; lastKnownFileType = file.storyboard; name = Base; path = Base.lproj/Main.storyboard; sourceTree = "<group>"; };
		A7012BEE1AC7DA20009413D2 /* Images.xcassets */ = {isa = PBXFileReference; lastKnownFileType = folder.assetcatalog; path = Images.xcassets; sourceTree = "<group>"; };
		A7012BF11AC7DA20009413D2 /* Base */ = {isa = PBXFileReference; lastKnownFileType = file.xib; name = Base; path = Base.lproj/LaunchScreen.xib; sourceTree = "<group>"; };
		A7012BF71AC7DA20009413D2 /* JSON DemoTests.xctest */ = {isa = PBXFileReference; explicitFileType = wrapper.cfbundle; includeInIndex = 0; path = "JSON DemoTests.xctest"; sourceTree = BUILT_PRODUCTS_DIR; };
		A7012BFC1AC7DA20009413D2 /* Info.plist */ = {isa = PBXFileReference; lastKnownFileType = text.plist.xml; path = Info.plist; sourceTree = "<group>"; };
		A7012BFD1AC7DA20009413D2 /* JSON_DemoTests.swift */ = {isa = PBXFileReference; lastKnownFileType = sourcecode.swift; path = JSON_DemoTests.swift; sourceTree = "<group>"; };
/* End PBXFileReference section */

/* Begin PBXFrameworksBuildPhase section */
		A7012BDF1AC7DA20009413D2 /* Frameworks */ = {
			isa = PBXFrameworksBuildPhase;
			buildActionMask = 2147483647;
			files = (
			);
			runOnlyForDeploymentPostprocessing = 0;
		};
		A7012BF41AC7DA20009413D2 /* Frameworks */ = {
			isa = PBXFrameworksBuildPhase;
			buildActionMask = 2147483647;
			files = (
			);
			runOnlyForDeploymentPostprocessing = 0;
		};
/* End PBXFrameworksBuildPhase section */

/* Begin PBXGroup section */
		A7012BD91AC7DA20009413D2 = {
			isa = PBXGroup;
			children = (
				A7012BE41AC7DA20009413D2 /* JSON Demo */,
				A7012BFA1AC7DA20009413D2 /* JSON DemoTests */,
				A7012BE31AC7DA20009413D2 /* Products */,
			);
			sourceTree = "<group>";
		};
		A7012BE31AC7DA20009413D2 /* Products */ = {
			isa = PBXGroup;
			children = (
				A7012BE21AC7DA20009413D2 /* JSON Demo.app */,
				A7012BF71AC7DA20009413D2 /* JSON DemoTests.xctest */,
			);
			name = Products;
			sourceTree = "<group>";
		};
		A7012BE41AC7DA20009413D2 /* JSON Demo */ = {
			isa = PBXGroup;
			children = (
				A7012BE71AC7DA20009413D2 /* AppDelegate.swift */,
				A7012BE91AC7DA20009413D2 /* ViewController.swift */,
				A7012BEB1AC7DA20009413D2 /* Main.storyboard */,
				A7012BEE1AC7DA20009413D2 /* Images.xcassets */,
				A7012BF01AC7DA20009413D2 /* LaunchScreen.xib */,
				A7012BE51AC7DA20009413D2 /* Supporting Files */,
			);
			path = "JSON Demo";
			sourceTree = "<group>";
		};
		A7012BE51AC7DA20009413D2 /* Supporting Files */ = {
			isa = PBXGroup;
			children = (
				A7012BE61AC7DA20009413D2 /* Info.plist */,
			);
			name = "Supporting Files";
			sourceTree = "<group>";
		};
		A7012BFA1AC7DA20009413D2 /* JSON DemoTests */ = {
			isa = PBXGroup;
			children = (
				A7012BFD1AC7DA20009413D2 /* JSON_DemoTests.swift */,
				A7012BFB1AC7DA20009413D2 /* Supporting Files */,
			);
			path = "JSON DemoTests";
			sourceTree = "<group>";
		};
		A7012BFB1AC7DA20009413D2 /* Supporting Files */ = {
			isa = PBXGroup;
			children = (
				A7012BFC1AC7DA20009413D2 /* Info.plist */,
			);
			name = "Supporting Files";
			sourceTree = "<group>";
		};
/* End PBXGroup section */

/* Begin PBXNativeTarget section */
		A7012BE11AC7DA20009413D2 /* JSON Demo */ = {
			isa = PBXNativeTarget;
			buildConfigurationList = A7012C011AC7DA20009413D2 /* Build configuration list for PBXNativeTarget "JSON Demo" */;
			buildPhases = (
				A7012BDE1AC7DA20009413D2 /* Sources */,
				A7012BDF1AC7DA20009413D2 /* Frameworks */,
				A7012BE01AC7DA20009413D2 /* Resources */,
			);
			buildRules = (
			);
			dependencies = (
			);
			name = "JSON Demo";
			productName = "JSON Demo";
			productReference = A7012BE21AC7DA20009413D2 /* JSON Demo.app */;
			productType = "com.apple.product-type.application";
		};
		A7012BF61AC7DA20009413D2 /* JSON DemoTests */ = {
			isa = PBXNativeTarget;
			buildConfigurationList = A7012C041AC7DA20009413D2 /* Build configuration list for PBXNativeTarget "JSON DemoTests" */;
			buildPhases = (
				A7012BF31AC7DA20009413D2 /* Sources */,
				A7012BF41AC7DA20009413D2 /* Frameworks */,
				A7012BF51AC7DA20009413D2 /* Resources */,
			);
			buildRules = (
			);
			dependencies = (
				A7012BF91AC7DA20009413D2 /* PBXTargetDependency */,
			);
			name = "JSON DemoTests";
			productName = "JSON DemoTests";
			productReference = A7012BF71AC7DA20009413D2 /* JSON DemoTests.xctest */;
			productType = "com.apple.product-type.bundle.unit-test";
		};
/* End PBXNativeTarget section */

/* Begin PBXProject section */
		A7012BDA1AC7DA20009413D2 /* Project object */ = {
			isa = PBXProject;
			attributes = {
				LastUpgradeCheck = 0620;
				ORGANIZATIONNAME = "Leonardo Lamas";
				TargetAttributes = {
					A7012BE11AC7DA20009413D2 = {
						CreatedOnToolsVersion = 6.2;
					};
					A7012BF61AC7DA20009413D2 = {
						CreatedOnToolsVersion = 6.2;
						TestTargetID = A7012BE11AC7DA20009413D2;
					};
				};
			};
			buildConfigurationList = A7012BDD1AC7DA20009413D2 /* Build configuration list for PBXProject "JSON Demo" */;
			compatibilityVersion = "Xcode 3.2";
			developmentRegion = English;
			hasScannedForEncodings = 0;
			knownRegions = (
				en,
				Base,
			);
			mainGroup = A7012BD91AC7DA20009413D2;
			productRefGroup = A7012BE31AC7DA20009413D2 /* Products */;
			projectDirPath = "";
			projectRoot = "";
			targets = (
				A7012BE11AC7DA20009413D2 /* JSON Demo */,
				A7012BF61AC7DA20009413D2 /* JSON DemoTests */,
			);
		};
/* End PBXProject section */

/* Begin PBXResourcesBuildPhase section */
		A7012BE01AC7DA20009413D2 /* Resources */ = {
			isa = PBXResourcesBuildPhase;
			buildActionMask = 2147483647;
			files = (
				A7012BED1AC7DA20009413D2 /* Main.storyboard in Resources */,
				A7012BF21AC7DA20009413D2 /* LaunchScreen.xib in Resources */,
				A7012BEF1AC7DA20009413D2 /* Images.xcassets in Resources */,
			);
			runOnlyForDeploymentPostprocessing = 0;
		};
		A7012BF51AC7DA20009413D2 /* Resources */ = {
			isa = PBXResourcesBuildPhase;
			buildActionMask = 2147483647;
			files = (
			);
			runOnlyForDeploymentPostprocessing = 0;
		};
/* End PBXResourcesBuildPhase section */

/* Begin PBXSourcesBuildPhase section */
		A7012BDE1AC7DA20009413D2 /* Sources */ = {
			isa = PBXSourcesBuildPhase;
			buildActionMask = 2147483647;
			files = (
				A7012BEA1AC7DA20009413D2 /* ViewController.swift in Sources */,
				A7012BE81AC7DA20009413D2 /* AppDelegate.swift in Sources */,
			);
			runOnlyForDeploymentPostprocessing = 0;
		};
		A7012BF31AC7DA20009413D2 /* Sources */ = {
			isa = PBXSourcesBuildPhase;
			buildActionMask = 2147483647;
			files = (
				A7012BFE1AC7DA20009413D2 /* JSON_DemoTests.swift in Sources */,
			);
			runOnlyForDeploymentPostprocessing = 0;
		};
/* End PBXSourcesBuildPhase section */

/* Begin PBXTargetDependency section */
		A7012BF91AC7DA20009413D2 /* PBXTargetDependency */ = {
			isa = PBXTargetDependency;
			target = A7012BE11AC7DA20009413D2 /* JSON Demo */;
			targetProxy = A7012BF81AC7DA20009413D2 /* PBXContainerItemProxy */;
		};
/* End PBXTargetDependency section */

/* Begin PBXVariantGroup section */
		A7012BEB1AC7DA20009413D2 /* Main.storyboard */ = {
			isa = PBXVariantGroup;
			children = (
				A7012BEC1AC7DA20009413D2 /* Base */,
			);
			name = Main.storyboard;
			sourceTree = "<group>";
		};
		A7012BF01AC7DA20009413D2 /* LaunchScreen.xib */ = {
			isa = PBXVariantGroup;
			children = (
				A7012BF11AC7DA20009413D2 /* Base */,
			);
			name = LaunchScreen.xib;
			sourceTree = "<group>";
		};
/* End PBXVariantGroup section */

/* Begin XCBuildConfiguration section */
		A7012BFF1AC7DA20009413D2 /* Debug */ = {
			isa = XCBuildConfiguration;
			buildSettings = {
				ALWAYS_SEARCH_USER_PATHS = NO;
				CLANG_CXX_LANGUAGE_STANDARD = "gnu++0x";
				CLANG_CXX_LIBRARY = "libc++";
				CLANG_ENABLE_MODULES = YES;
				CLANG_ENABLE_OBJC_ARC = YES;
				CLANG_WARN_BOOL_CONVERSION = YES;
				CLANG_WARN_CONSTANT_CONVERSION = YES;
				CLANG_WARN_DIRECT_OBJC_ISA_USAGE = YES_ERROR;
				CLANG_WARN_EMPTY_BODY = YES;
				CLANG_WARN_ENUM_CONVERSION = YES;
				CLANG_WARN_INT_CONVERSION = YES;
				CLANG_WARN_OBJC_ROOT_CLASS = YES_ERROR;
				CLANG_WARN_UNREACHABLE_CODE = YES;
				CLANG_WARN__DUPLICATE_METHOD_MATCH = YES;
				"CODE_SIGN_IDENTITY[sdk=iphoneos*]" = "iPhone Developer";
				COPY_PHASE_STRIP = NO;
				ENABLE_STRICT_OBJC_MSGSEND = YES;
				GCC_C_LANGUAGE_STANDARD = gnu99;
				GCC_DYNAMIC_NO_PIC = NO;
				GCC_OPTIMIZATION_LEVEL = 0;
				GCC_PREPROCESSOR_DEFINITIONS = (
					"DEBUG=1",
					"$(inherited)",
				);
				GCC_SYMBOLS_PRIVATE_EXTERN = NO;
				GCC_WARN_64_TO_32_BIT_CONVERSION = YES;
				GCC_WARN_ABOUT_RETURN_TYPE = YES_ERROR;
				GCC_WARN_UNDECLARED_SELECTOR = YES;
				GCC_WARN_UNINITIALIZED_AUTOS = YES_AGGRESSIVE;
				GCC_WARN_UNUSED_FUNCTION = YES;
				GCC_WARN_UNUSED_VARIABLE = YES;
				IPHONEOS_DEPLOYMENT_TARGET = 8.2;
				MTL_ENABLE_DEBUG_INFO = YES;
				ONLY_ACTIVE_ARCH = YES;
				SDKROOT = iphoneos;
				SWIFT_OPTIMIZATION_LEVEL = "-Onone";
			};
			name = Debug;
		};
		A7012C001AC7DA20009413D2 /* Release */ = {
			isa = XCBuildConfiguration;
			buildSettings = {
				ALWAYS_SEARCH_USER_PATHS = NO;
				CLANG_CXX_LANGUAGE_STANDARD = "gnu++0x";
				CLANG_CXX_LIBRARY = "libc++";
				CLANG_ENABLE_MODULES = YES;
				CLANG_ENABLE_OBJC_ARC = YES;
				CLANG_WARN_BOOL_CONVERSION = YES;
				CLANG_WARN_CONSTANT_CONVERSION = YES;
				CLANG_WARN_DIRECT_OBJC_ISA_USAGE = YES_ERROR;
				CLANG_WARN_EMPTY_BODY = YES;
				CLANG_WARN_ENUM_CONVERSION = YES;
				CLANG_WARN_INT_CONVERSION = YES;
				CLANG_WARN_OBJC_ROOT_CLASS = YES_ERROR;
				CLANG_WARN_UNREACHABLE_CODE = YES;
				CLANG_WARN__DUPLICATE_METHOD_MATCH = YES;
				"CODE_SIGN_IDENTITY[sdk=iphoneos*]" = "iPhone Developer";
				COPY_PHASE_STRIP = NO;
				ENABLE_NS_ASSERTIONS = NO;
				ENABLE_STRICT_OBJC_MSGSEND = YES;
				GCC_C_LANGUAGE_STANDARD = gnu99;
				GCC_WARN_64_TO_32_BIT_CONVERSION = YES;
				GCC_WARN_ABOUT_RETURN_TYPE = YES_ERROR;
				GCC_WARN_UNDECLARED_SELECTOR = YES;
				GCC_WARN_UNINITIALIZED_AUTOS = YES_AGGRESSIVE;
				GCC_WARN_UNUSED_FUNCTION = YES;
				GCC_WARN_UNUSED_VARIABLE = YES;
				IPHONEOS_DEPLOYMENT_TARGET = 8.2;
				MTL_ENABLE_DEBUG_INFO = NO;
				SDKROOT = iphoneos;
				VALIDATE_PRODUCT = YES;
			};
			name = Release;
		};
		A7012C021AC7DA20009413D2 /* Debug */ = {
			isa = XCBuildConfiguration;
			buildSettings = {
				ASSETCATALOG_COMPILER_APPICON_NAME = AppIcon;
				INFOPLIST_FILE = "JSON Demo/Info.plist";
				LD_RUNPATH_SEARCH_PATHS = "$(inherited) @executable_path/Frameworks";
				PRODUCT_NAME = "$(TARGET_NAME)";
			};
			name = Debug;
		};
		A7012C031AC7DA20009413D2 /* Release */ = {
			isa = XCBuildConfiguration;
			buildSettings = {
				ASSETCATALOG_COMPILER_APPICON_NAME = AppIcon;
				INFOPLIST_FILE = "JSON Demo/Info.plist";
				LD_RUNPATH_SEARCH_PATHS = "$(inherited) @executable_path/Frameworks";
				PRODUCT_NAME = "$(TARGET_NAME)";
			};
			name = Release;
		};
		A7012C051AC7DA20009413D2 /* Debug */ = {
			isa = XCBuildConfiguration;
			buildSettings = {
				BUNDLE_LOADER = "$(TEST_HOST)";
				FRAMEWORK_SEARCH_PATHS = (
					"$(SDKROOT)/Developer/Library/Frameworks",
					"$(inherited)",
				);
				GCC_PREPROCESSOR_DEFINITIONS = (
					"DEBUG=1",
					"$(inherited)",
				);
				INFOPLIST_FILE = "JSON DemoTests/Info.plist";
				LD_RUNPATH_SEARCH_PATHS = "$(inherited) @executable_path/Frameworks @loader_path/Frameworks";
				PRODUCT_NAME = "$(TARGET_NAME)";
				TEST_HOST = "$(BUILT_PRODUCTS_DIR)/JSON Demo.app/JSON Demo";
			};
			name = Debug;
		};
		A7012C061AC7DA20009413D2 /* Release */ = {
			isa = XCBuildConfiguration;
			buildSettings = {
				BUNDLE_LOADER = "$(TEST_HOST)";
				FRAMEWORK_SEARCH_PATHS = (
					"$(SDKROOT)/Developer/Library/Frameworks",
					"$(inherited)",
				);
				INFOPLIST_FILE = "JSON DemoTests/Info.plist";
				LD_RUNPATH_SEARCH_PATHS = "$(inherited) @executable_path/Frameworks @loader_path/Frameworks";
				PRODUCT_NAME = "$(TARGET_NAME)";
				TEST_HOST = "$(BUILT_PRODUCTS_DIR)/JSON Demo.app/JSON Demo";
			};
			name = Release;
		};
/* End XCBuildConfiguration section */

/* Begin XCConfigurationList section */
		A7012BDD1AC7DA20009413D2 /* Build configuration list for PBXProject "JSON Demo" */ = {
			isa = XCConfigurationList;
			buildConfigurations = (
				A7012BFF1AC7DA20009413D2 /* Debug */,
				A7012C001AC7DA20009413D2 /* Release */,
			);
			defaultConfigurationIsVisible = 0;
			defaultConfigurationName = Release;
		};
		A7012C011AC7DA20009413D2 /* Build configuration list for PBXNativeTarget "JSON Demo" */ = {
			isa = XCConfigurationList;
			buildConfigurations = (
				A7012C021AC7DA20009413D2 /* Debug */,
				A7012C031AC7DA20009413D2 /* Release */,
			);
			defaultConfigurationIsVisible = 0;
		};
		A7012C041AC7DA20009413D2 /* Build configuration list for PBXNativeTarget "JSON DemoTests" */ = {
			isa = XCConfigurationList;
			buildConfigurations = (
				A7012C051AC7DA20009413D2 /* Debug */,
				A7012C061AC7DA20009413D2 /* Release */,
			);
			defaultConfigurationIsVisible = 0;
		};
/* End XCConfigurationList section */
	};
	rootObject = A7012BDA1AC7DA20009413D2 /* Project object */;
}
