// !$*UTF8*$!
{
	archiveVersion = 1;
	classes = {
	};
	objectVersion = 46;
	objects = {

/* Begin PBXBuildFile section */
		A78068F21ACCF748003F4ADE /* AppDelegate.swift in Sources */ = {isa = PBXBuildFile; fileRef = A78068F11ACCF748003F4ADE /* AppDelegate.swift */; };
		A78068F41ACCF748003F4ADE /* ViewController.swift in Sources */ = {isa = PBXBuildFile; fileRef = A78068F31ACCF748003F4ADE /* ViewController.swift */; };
		A78068F71ACCF748003F4ADE /* Main.storyboard in Resources */ = {isa = PBXBuildFile; fileRef = A78068F51ACCF748003F4ADE /* Main.storyboard */; };
		A78068F91ACCF748003F4ADE /* Images.xcassets in Resources */ = {isa = PBXBuildFile; fileRef = A78068F81ACCF748003F4ADE /* Images.xcassets */; };
		A78068FC1ACCF748003F4ADE /* LaunchScreen.xib in Resources */ = {isa = PBXBuildFile; fileRef = A78068FA1ACCF748003F4ADE /* LaunchScreen.xib */; };
		A78069081ACCF748003F4ADE /* ScrollView_DemoTests.swift in Sources */ = {isa = PBXBuildFile; fileRef = A78069071ACCF748003F4ADE /* ScrollView_DemoTests.swift */; };
/* End PBXBuildFile section */

/* Begin PBXContainerItemProxy section */
		A78069021ACCF748003F4ADE /* PBXContainerItemProxy */ = {
			isa = PBXContainerItemProxy;
			containerPortal = A78068E41ACCF748003F4ADE /* Project object */;
			proxyType = 1;
			remoteGlobalIDString = A78068EB1ACCF748003F4ADE;
			remoteInfo = "ScrollView Demo";
		};
/* End PBXContainerItemProxy section */

/* Begin PBXFileReference section */
		A78068EC1ACCF748003F4ADE /* ScrollView Demo.app */ = {isa = PBXFileReference; explicitFileType = wrapper.application; includeInIndex = 0; path = "ScrollView Demo.app"; sourceTree = BUILT_PRODUCTS_DIR; };
		A78068F01ACCF748003F4ADE /* Info.plist */ = {isa = PBXFileReference; lastKnownFileType = text.plist.xml; path = Info.plist; sourceTree = "<group>"; };
		A78068F11ACCF748003F4ADE /* AppDelegate.swift */ = {isa = PBXFileReference; lastKnownFileType = sourcecode.swift; path = AppDelegate.swift; sourceTree = "<group>"; };
		A78068F31ACCF748003F4ADE /* ViewController.swift */ = {isa = PBXFileReference; lastKnownFileType = sourcecode.swift; path = ViewController.swift; sourceTree = "<group>"; };
		A78068F61ACCF748003F4ADE /* Base */ = {isa = PBXFileReference; lastKnownFileType = file.storyboard; name = Base; path = Base.lproj/Main.storyboard; sourceTree = "<group>"; };
		A78068F81ACCF748003F4ADE /* Images.xcassets */ = {isa = PBXFileReference; lastKnownFileType = folder.assetcatalog; path = Images.xcassets; sourceTree = "<group>"; };
		A78068FB1ACCF748003F4ADE /* Base */ = {isa = PBXFileReference; lastKnownFileType = file.xib; name = Base; path = Base.lproj/LaunchScreen.xib; sourceTree = "<group>"; };
		A78069011ACCF748003F4ADE /* ScrollView DemoTests.xctest */ = {isa = PBXFileReference; explicitFileType = wrapper.cfbundle; includeInIndex = 0; path = "ScrollView DemoTests.xctest"; sourceTree = BUILT_PRODUCTS_DIR; };
		A78069061ACCF748003F4ADE /* Info.plist */ = {isa = PBXFileReference; lastKnownFileType = text.plist.xml; path = Info.plist; sourceTree = "<group>"; };
		A78069071ACCF748003F4ADE /* ScrollView_DemoTests.swift */ = {isa = PBXFileReference; lastKnownFileType = sourcecode.swift; path = ScrollView_DemoTests.swift; sourceTree = "<group>"; };
/* End PBXFileReference section */

/* Begin PBXFrameworksBuildPhase section */
		A78068E91ACCF748003F4ADE /* Frameworks */ = {
			isa = PBXFrameworksBuildPhase;
			buildActionMask = 2147483647;
			files = (
			);
			runOnlyForDeploymentPostprocessing = 0;
		};
		A78068FE1ACCF748003F4ADE /* Frameworks */ = {
			isa = PBXFrameworksBuildPhase;
			buildActionMask = 2147483647;
			files = (
			);
			runOnlyForDeploymentPostprocessing = 0;
		};
/* End PBXFrameworksBuildPhase section */

/* Begin PBXGroup section */
		A78068E31ACCF748003F4ADE = {
			isa = PBXGroup;
			children = (
				A78068EE1ACCF748003F4ADE /* ScrollView Demo */,
				A78069041ACCF748003F4ADE /* ScrollView DemoTests */,
				A78068ED1ACCF748003F4ADE /* Products */,
			);
			sourceTree = "<group>";
		};
		A78068ED1ACCF748003F4ADE /* Products */ = {
			isa = PBXGroup;
			children = (
				A78068EC1ACCF748003F4ADE /* ScrollView Demo.app */,
				A78069011ACCF748003F4ADE /* ScrollView DemoTests.xctest */,
			);
			name = Products;
			sourceTree = "<group>";
		};
		A78068EE1ACCF748003F4ADE /* ScrollView Demo */ = {
			isa = PBXGroup;
			children = (
				A78068F11ACCF748003F4ADE /* AppDelegate.swift */,
				A78068F31ACCF748003F4ADE /* ViewController.swift */,
				A78068F51ACCF748003F4ADE /* Main.storyboard */,
				A78068F81ACCF748003F4ADE /* Images.xcassets */,
				A78068FA1ACCF748003F4ADE /* LaunchScreen.xib */,
				A78068EF1ACCF748003F4ADE /* Supporting Files */,
			);
			path = "ScrollView Demo";
			sourceTree = "<group>";
		};
		A78068EF1ACCF748003F4ADE /* Supporting Files */ = {
			isa = PBXGroup;
			children = (
				A78068F01ACCF748003F4ADE /* Info.plist */,
			);
			name = "Supporting Files";
			sourceTree = "<group>";
		};
		A78069041ACCF748003F4ADE /* ScrollView DemoTests */ = {
			isa = PBXGroup;
			children = (
				A78069071ACCF748003F4ADE /* ScrollView_DemoTests.swift */,
				A78069051ACCF748003F4ADE /* Supporting Files */,
			);
			path = "ScrollView DemoTests";
			sourceTree = "<group>";
		};
		A78069051ACCF748003F4ADE /* Supporting Files */ = {
			isa = PBXGroup;
			children = (
				A78069061ACCF748003F4ADE /* Info.plist */,
			);
			name = "Supporting Files";
			sourceTree = "<group>";
		};
/* End PBXGroup section */

/* Begin PBXNativeTarget section */
		A78068EB1ACCF748003F4ADE /* ScrollView Demo */ = {
			isa = PBXNativeTarget;
			buildConfigurationList = A780690B1ACCF748003F4ADE /* Build configuration list for PBXNativeTarget "ScrollView Demo" */;
			buildPhases = (
				A78068E81ACCF748003F4ADE /* Sources */,
				A78068E91ACCF748003F4ADE /* Frameworks */,
				A78068EA1ACCF748003F4ADE /* Resources */,
			);
			buildRules = (
			);
			dependencies = (
			);
			name = "ScrollView Demo";
			productName = "ScrollView Demo";
			productReference = A78068EC1ACCF748003F4ADE /* ScrollView Demo.app */;
			productType = "com.apple.product-type.application";
		};
		A78069001ACCF748003F4ADE /* ScrollView DemoTests */ = {
			isa = PBXNativeTarget;
			buildConfigurationList = A780690E1ACCF748003F4ADE /* Build configuration list for PBXNativeTarget "ScrollView DemoTests" */;
			buildPhases = (
				A78068FD1ACCF748003F4ADE /* Sources */,
				A78068FE1ACCF748003F4ADE /* Frameworks */,
				A78068FF1ACCF748003F4ADE /* Resources */,
			);
			buildRules = (
			);
			dependencies = (
				A78069031ACCF748003F4ADE /* PBXTargetDependency */,
			);
			name = "ScrollView DemoTests";
			productName = "ScrollView DemoTests";
			productReference = A78069011ACCF748003F4ADE /* ScrollView DemoTests.xctest */;
			productType = "com.apple.product-type.bundle.unit-test";
		};
/* End PBXNativeTarget section */

/* Begin PBXProject section */
		A78068E41ACCF748003F4ADE /* Project object */ = {
			isa = PBXProject;
			attributes = {
				LastUpgradeCheck = 0620;
				ORGANIZATIONNAME = "Leonardo Lamas";
				TargetAttributes = {
					A78068EB1ACCF748003F4ADE = {
						CreatedOnToolsVersion = 6.2;
					};
					A78069001ACCF748003F4ADE = {
						CreatedOnToolsVersion = 6.2;
						TestTargetID = A78068EB1ACCF748003F4ADE;
					};
				};
			};
			buildConfigurationList = A78068E71ACCF748003F4ADE /* Build configuration list for PBXProject "ScrollView Demo" */;
			compatibilityVersion = "Xcode 3.2";
			developmentRegion = English;
			hasScannedForEncodings = 0;
			knownRegions = (
				en,
				Base,
			);
			mainGroup = A78068E31ACCF748003F4ADE;
			productRefGroup = A78068ED1ACCF748003F4ADE /* Products */;
			projectDirPath = "";
			projectRoot = "";
			targets = (
				A78068EB1ACCF748003F4ADE /* ScrollView Demo */,
				A78069001ACCF748003F4ADE /* ScrollView DemoTests */,
			);
		};
/* End PBXProject section */

/* Begin PBXResourcesBuildPhase section */
		A78068EA1ACCF748003F4ADE /* Resources */ = {
			isa = PBXResourcesBuildPhase;
			buildActionMask = 2147483647;
			files = (
				A78068F71ACCF748003F4ADE /* Main.storyboard in Resources */,
				A78068FC1ACCF748003F4ADE /* LaunchScreen.xib in Resources */,
				A78068F91ACCF748003F4ADE /* Images.xcassets in Resources */,
			);
			runOnlyForDeploymentPostprocessing = 0;
		};
		A78068FF1ACCF748003F4ADE /* Resources */ = {
			isa = PBXResourcesBuildPhase;
			buildActionMask = 2147483647;
			files = (
			);
			runOnlyForDeploymentPostprocessing = 0;
		};
/* End PBXResourcesBuildPhase section */

/* Begin PBXSourcesBuildPhase section */
		A78068E81ACCF748003F4ADE /* Sources */ = {
			isa = PBXSourcesBuildPhase;
			buildActionMask = 2147483647;
			files = (
				A78068F41ACCF748003F4ADE /* ViewController.swift in Sources */,
				A78068F21ACCF748003F4ADE /* AppDelegate.swift in Sources */,
			);
			runOnlyForDeploymentPostprocessing = 0;
		};
		A78068FD1ACCF748003F4ADE /* Sources */ = {
			isa = PBXSourcesBuildPhase;
			buildActionMask = 2147483647;
			files = (
				A78069081ACCF748003F4ADE /* ScrollView_DemoTests.swift in Sources */,
			);
			runOnlyForDeploymentPostprocessing = 0;
		};
/* End PBXSourcesBuildPhase section */

/* Begin PBXTargetDependency section */
		A78069031ACCF748003F4ADE /* PBXTargetDependency */ = {
			isa = PBXTargetDependency;
			target = A78068EB1ACCF748003F4ADE /* ScrollView Demo */;
			targetProxy = A78069021ACCF748003F4ADE /* PBXContainerItemProxy */;
		};
/* End PBXTargetDependency section */

/* Begin PBXVariantGroup section */
		A78068F51ACCF748003F4ADE /* Main.storyboard */ = {
			isa = PBXVariantGroup;
			children = (
				A78068F61ACCF748003F4ADE /* Base */,
			);
			name = Main.storyboard;
			sourceTree = "<group>";
		};
		A78068FA1ACCF748003F4ADE /* LaunchScreen.xib */ = {
			isa = PBXVariantGroup;
			children = (
				A78068FB1ACCF748003F4ADE /* Base */,
			);
			name = LaunchScreen.xib;
			sourceTree = "<group>";
		};
/* End PBXVariantGroup section */

/* Begin XCBuildConfiguration section */
		A78069091ACCF748003F4ADE /* Debug */ = {
			isa = XCBuildConfiguration;
			buildSettings = {
				ALWAYS_SEARCH_USER_PATHS = NO;
				CLANG_CXX_LANGUAGE_STANDARD = "gnu++0x";
				CLANG_CXX_LIBRARY = "libc++";
				CLANG_ENABLE_MODULES = YES;
				CLANG_ENABLE_OBJC_ARC = YES;
				CLANG_WARN_BOOL_CONVERSION = YES;
				CLANG_WARN_CONSTANT_CONVERSION = YES;
				CLANG_WARN_DIRECT_OBJC_ISA_USAGE = YES_ERROR;
				CLANG_WARN_EMPTY_BODY = YES;
				CLANG_WARN_ENUM_CONVERSION = YES;
				CLANG_WARN_INT_CONVERSION = YES;
				CLANG_WARN_OBJC_ROOT_CLASS = YES_ERROR;
				CLANG_WARN_UNREACHABLE_CODE = YES;
				CLANG_WARN__DUPLICATE_METHOD_MATCH = YES;
				"CODE_SIGN_IDENTITY[sdk=iphoneos*]" = "iPhone Developer";
				COPY_PHASE_STRIP = NO;
				ENABLE_STRICT_OBJC_MSGSEND = YES;
				GCC_C_LANGUAGE_STANDARD = gnu99;
				GCC_DYNAMIC_NO_PIC = NO;
				GCC_OPTIMIZATION_LEVEL = 0;
				GCC_PREPROCESSOR_DEFINITIONS = (
					"DEBUG=1",
					"$(inherited)",
				);
				GCC_SYMBOLS_PRIVATE_EXTERN = NO;
				GCC_WARN_64_TO_32_BIT_CONVERSION = YES;
				GCC_WARN_ABOUT_RETURN_TYPE = YES_ERROR;
				GCC_WARN_UNDECLARED_SELECTOR = YES;
				GCC_WARN_UNINITIALIZED_AUTOS = YES_AGGRESSIVE;
				GCC_WARN_UNUSED_FUNCTION = YES;
				GCC_WARN_UNUSED_VARIABLE = YES;
				IPHONEOS_DEPLOYMENT_TARGET = 8.2;
				MTL_ENABLE_DEBUG_INFO = YES;
				ONLY_ACTIVE_ARCH = YES;
				SDKROOT = iphoneos;
				SWIFT_OPTIMIZATION_LEVEL = "-Onone";
			};
			name = Debug;
		};
		A780690A1ACCF748003F4ADE /* Release */ = {
			isa = XCBuildConfiguration;
			buildSettings = {
				ALWAYS_SEARCH_USER_PATHS = NO;
				CLANG_CXX_LANGUAGE_STANDARD = "gnu++0x";
				CLANG_CXX_LIBRARY = "libc++";
				CLANG_ENABLE_MODULES = YES;
				CLANG_ENABLE_OBJC_ARC = YES;
				CLANG_WARN_BOOL_CONVERSION = YES;
				CLANG_WARN_CONSTANT_CONVERSION = YES;
				CLANG_WARN_DIRECT_OBJC_ISA_USAGE = YES_ERROR;
				CLANG_WARN_EMPTY_BODY = YES;
				CLANG_WARN_ENUM_CONVERSION = YES;
				CLANG_WARN_INT_CONVERSION = YES;
				CLANG_WARN_OBJC_ROOT_CLASS = YES_ERROR;
				CLANG_WARN_UNREACHABLE_CODE = YES;
				CLANG_WARN__DUPLICATE_METHOD_MATCH = YES;
				"CODE_SIGN_IDENTITY[sdk=iphoneos*]" = "iPhone Developer";
				COPY_PHASE_STRIP = NO;
				ENABLE_NS_ASSERTIONS = NO;
				ENABLE_STRICT_OBJC_MSGSEND = YES;
				GCC_C_LANGUAGE_STANDARD = gnu99;
				GCC_WARN_64_TO_32_BIT_CONVERSION = YES;
				GCC_WARN_ABOUT_RETURN_TYPE = YES_ERROR;
				GCC_WARN_UNDECLARED_SELECTOR = YES;
				GCC_WARN_UNINITIALIZED_AUTOS = YES_AGGRESSIVE;
				GCC_WARN_UNUSED_FUNCTION = YES;
				GCC_WARN_UNUSED_VARIABLE = YES;
				IPHONEOS_DEPLOYMENT_TARGET = 8.2;
				MTL_ENABLE_DEBUG_INFO = NO;
				SDKROOT = iphoneos;
				VALIDATE_PRODUCT = YES;
			};
			name = Release;
		};
		A780690C1ACCF748003F4ADE /* Debug */ = {
			isa = XCBuildConfiguration;
			buildSettings = {
				ASSETCATALOG_COMPILER_APPICON_NAME = AppIcon;
				INFOPLIST_FILE = "ScrollView Demo/Info.plist";
				LD_RUNPATH_SEARCH_PATHS = "$(inherited) @executable_path/Frameworks";
				PRODUCT_NAME = "$(TARGET_NAME)";
			};
			name = Debug;
		};
		A780690D1ACCF748003F4ADE /* Release */ = {
			isa = XCBuildConfiguration;
			buildSettings = {
				ASSETCATALOG_COMPILER_APPICON_NAME = AppIcon;
				INFOPLIST_FILE = "ScrollView Demo/Info.plist";
				LD_RUNPATH_SEARCH_PATHS = "$(inherited) @executable_path/Frameworks";
				PRODUCT_NAME = "$(TARGET_NAME)";
			};
			name = Release;
		};
		A780690F1ACCF748003F4ADE /* Debug */ = {
			isa = XCBuildConfiguration;
			buildSettings = {
				BUNDLE_LOADER = "$(TEST_HOST)";
				FRAMEWORK_SEARCH_PATHS = (
					"$(SDKROOT)/Developer/Library/Frameworks",
					"$(inherited)",
				);
				GCC_PREPROCESSOR_DEFINITIONS = (
					"DEBUG=1",
					"$(inherited)",
				);
				INFOPLIST_FILE = "ScrollView DemoTests/Info.plist";
				LD_RUNPATH_SEARCH_PATHS = "$(inherited) @executable_path/Frameworks @loader_path/Frameworks";
				PRODUCT_NAME = "$(TARGET_NAME)";
				TEST_HOST = "$(BUILT_PRODUCTS_DIR)/ScrollView Demo.app/ScrollView Demo";
			};
			name = Debug;
		};
		A78069101ACCF748003F4ADE /* Release */ = {
			isa = XCBuildConfiguration;
			buildSettings = {
				BUNDLE_LOADER = "$(TEST_HOST)";
				FRAMEWORK_SEARCH_PATHS = (
					"$(SDKROOT)/Developer/Library/Frameworks",
					"$(inherited)",
				);
				INFOPLIST_FILE = "ScrollView DemoTests/Info.plist";
				LD_RUNPATH_SEARCH_PATHS = "$(inherited) @executable_path/Frameworks @loader_path/Frameworks";
				PRODUCT_NAME = "$(TARGET_NAME)";
				TEST_HOST = "$(BUILT_PRODUCTS_DIR)/ScrollView Demo.app/ScrollView Demo";
			};
			name = Release;
		};
/* End XCBuildConfiguration section */

/* Begin XCConfigurationList section */
		A78068E71ACCF748003F4ADE /* Build configuration list for PBXProject "ScrollView Demo" */ = {
			isa = XCConfigurationList;
			buildConfigurations = (
				A78069091ACCF748003F4ADE /* Debug */,
				A780690A1ACCF748003F4ADE /* Release */,
			);
			defaultConfigurationIsVisible = 0;
			defaultConfigurationName = Release;
		};
		A780690B1ACCF748003F4ADE /* Build configuration list for PBXNativeTarget "ScrollView Demo" */ = {
			isa = XCConfigurationList;
			buildConfigurations = (
				A780690C1ACCF748003F4ADE /* Debug */,
				A780690D1ACCF748003F4ADE /* Release */,
			);
			defaultConfigurationIsVisible = 0;
		};
		A780690E1ACCF748003F4ADE /* Build configuration list for PBXNativeTarget "ScrollView DemoTests" */ = {
			isa = XCConfigurationList;
			buildConfigurations = (
				A780690F1ACCF748003F4ADE /* Debug */,
				A78069101ACCF748003F4ADE /* Release */,
			);
			defaultConfigurationIsVisible = 0;
		};
/* End XCConfigurationList section */
	};
	rootObject = A78068E41ACCF748003F4ADE /* Project object */;
}
