// !$*UTF8*$!
{
	archiveVersion = 1;
	classes = {
	};
	objectVersion = 46;
	objects = {

/* Begin PBXBuildFile section */
		A7012B891AC6E010009413D2 /* AppDelegate.swift in Sources */ = {isa = PBXBuildFile; fileRef = A7012B881AC6E010009413D2 /* AppDelegate.swift */; };
		A7012B8C1AC6E010009413D2 /* Core_Data_Demo.xcdatamodeld in Sources */ = {isa = PBXBuildFile; fileRef = A7012B8A1AC6E010009413D2 /* Core_Data_Demo.xcdatamodeld */; };
		A7012B8E1AC6E010009413D2 /* ViewController.swift in Sources */ = {isa = PBXBuildFile; fileRef = A7012B8D1AC6E010009413D2 /* ViewController.swift */; };
		A7012B911AC6E010009413D2 /* Main.storyboard in Resources */ = {isa = PBXBuildFile; fileRef = A7012B8F1AC6E010009413D2 /* Main.storyboard */; };
		A7012B931AC6E010009413D2 /* Images.xcassets in Resources */ = {isa = PBXBuildFile; fileRef = A7012B921AC6E010009413D2 /* Images.xcassets */; };
		A7012B961AC6E010009413D2 /* LaunchScreen.xib in Resources */ = {isa = PBXBuildFile; fileRef = A7012B941AC6E010009413D2 /* LaunchScreen.xib */; };
		A7012BA21AC6E010009413D2 /* Core_Data_DemoTests.swift in Sources */ = {isa = PBXBuildFile; fileRef = A7012BA11AC6E010009413D2 /* Core_Data_DemoTests.swift */; };
/* End PBXBuildFile section */

/* Begin PBXContainerItemProxy section */
		A7012B9C1AC6E010009413D2 /* PBXContainerItemProxy */ = {
			isa = PBXContainerItemProxy;
			containerPortal = A7012B7B1AC6E010009413D2 /* Project object */;
			proxyType = 1;
			remoteGlobalIDString = A7012B821AC6E010009413D2;
			remoteInfo = "Core Data Demo";
		};
/* End PBXContainerItemProxy section */

/* Begin PBXFileReference section */
		A7012B831AC6E010009413D2 /* Core Data Demo.app */ = {isa = PBXFileReference; explicitFileType = wrapper.application; includeInIndex = 0; path = "Core Data Demo.app"; sourceTree = BUILT_PRODUCTS_DIR; };
		A7012B871AC6E010009413D2 /* Info.plist */ = {isa = PBXFileReference; lastKnownFileType = text.plist.xml; path = Info.plist; sourceTree = "<group>"; };
		A7012B881AC6E010009413D2 /* AppDelegate.swift */ = {isa = PBXFileReference; lastKnownFileType = sourcecode.swift; path = AppDelegate.swift; sourceTree = "<group>"; };
		A7012B8B1AC6E010009413D2 /* Core_Data_Demo.xcdatamodel */ = {isa = PBXFileReference; lastKnownFileType = wrapper.xcdatamodel; path = Core_Data_Demo.xcdatamodel; sourceTree = "<group>"; };
		A7012B8D1AC6E010009413D2 /* ViewController.swift */ = {isa = PBXFileReference; lastKnownFileType = sourcecode.swift; path = ViewController.swift; sourceTree = "<group>"; };
		A7012B901AC6E010009413D2 /* Base */ = {isa = PBXFileReference; lastKnownFileType = file.storyboard; name = Base; path = Base.lproj/Main.storyboard; sourceTree = "<group>"; };
		A7012B921AC6E010009413D2 /* Images.xcassets */ = {isa = PBXFileReference; lastKnownFileType = folder.assetcatalog; path = Images.xcassets; sourceTree = "<group>"; };
		A7012B951AC6E010009413D2 /* Base */ = {isa = PBXFileReference; lastKnownFileType = file.xib; name = Base; path = Base.lproj/LaunchScreen.xib; sourceTree = "<group>"; };
		A7012B9B1AC6E010009413D2 /* Core Data DemoTests.xctest */ = {isa = PBXFileReference; explicitFileType = wrapper.cfbundle; includeInIndex = 0; path = "Core Data DemoTests.xctest"; sourceTree = BUILT_PRODUCTS_DIR; };
		A7012BA01AC6E010009413D2 /* Info.plist */ = {isa = PBXFileReference; lastKnownFileType = text.plist.xml; path = Info.plist; sourceTree = "<group>"; };
		A7012BA11AC6E010009413D2 /* Core_Data_DemoTests.swift */ = {isa = PBXFileReference; lastKnownFileType = sourcecode.swift; path = Core_Data_DemoTests.swift; sourceTree = "<group>"; };
/* End PBXFileReference section */

/* Begin PBXFrameworksBuildPhase section */
		A7012B801AC6E010009413D2 /* Frameworks */ = {
			isa = PBXFrameworksBuildPhase;
			buildActionMask = 2147483647;
			files = (
			);
			runOnlyForDeploymentPostprocessing = 0;
		};
		A7012B981AC6E010009413D2 /* Frameworks */ = {
			isa = PBXFrameworksBuildPhase;
			buildActionMask = 2147483647;
			files = (
			);
			runOnlyForDeploymentPostprocessing = 0;
		};
/* End PBXFrameworksBuildPhase section */

/* Begin PBXGroup section */
		A7012B7A1AC6E010009413D2 = {
			isa = PBXGroup;
			children = (
				A7012B851AC6E010009413D2 /* Core Data Demo */,
				A7012B9E1AC6E010009413D2 /* Core Data DemoTests */,
				A7012B841AC6E010009413D2 /* Products */,
			);
			sourceTree = "<group>";
		};
		A7012B841AC6E010009413D2 /* Products */ = {
			isa = PBXGroup;
			children = (
				A7012B831AC6E010009413D2 /* Core Data Demo.app */,
				A7012B9B1AC6E010009413D2 /* Core Data DemoTests.xctest */,
			);
			name = Products;
			sourceTree = "<group>";
		};
		A7012B851AC6E010009413D2 /* Core Data Demo */ = {
			isa = PBXGroup;
			children = (
				A7012B881AC6E010009413D2 /* AppDelegate.swift */,
				A7012B8D1AC6E010009413D2 /* ViewController.swift */,
				A7012B8F1AC6E010009413D2 /* Main.storyboard */,
				A7012B921AC6E010009413D2 /* Images.xcassets */,
				A7012B941AC6E010009413D2 /* LaunchScreen.xib */,
				A7012B8A1AC6E010009413D2 /* Core_Data_Demo.xcdatamodeld */,
				A7012B861AC6E010009413D2 /* Supporting Files */,
			);
			path = "Core Data Demo";
			sourceTree = "<group>";
		};
		A7012B861AC6E010009413D2 /* Supporting Files */ = {
			isa = PBXGroup;
			children = (
				A7012B871AC6E010009413D2 /* Info.plist */,
			);
			name = "Supporting Files";
			sourceTree = "<group>";
		};
		A7012B9E1AC6E010009413D2 /* Core Data DemoTests */ = {
			isa = PBXGroup;
			children = (
				A7012BA11AC6E010009413D2 /* Core_Data_DemoTests.swift */,
				A7012B9F1AC6E010009413D2 /* Supporting Files */,
			);
			path = "Core Data DemoTests";
			sourceTree = "<group>";
		};
		A7012B9F1AC6E010009413D2 /* Supporting Files */ = {
			isa = PBXGroup;
			children = (
				A7012BA01AC6E010009413D2 /* Info.plist */,
			);
			name = "Supporting Files";
			sourceTree = "<group>";
		};
/* End PBXGroup section */

/* Begin PBXNativeTarget section */
		A7012B821AC6E010009413D2 /* Core Data Demo */ = {
			isa = PBXNativeTarget;
			buildConfigurationList = A7012BA51AC6E010009413D2 /* Build configuration list for PBXNativeTarget "Core Data Demo" */;
			buildPhases = (
				A7012B7F1AC6E010009413D2 /* Sources */,
				A7012B801AC6E010009413D2 /* Frameworks */,
				A7012B811AC6E010009413D2 /* Resources */,
			);
			buildRules = (
			);
			dependencies = (
			);
			name = "Core Data Demo";
			productName = "Core Data Demo";
			productReference = A7012B831AC6E010009413D2 /* Core Data Demo.app */;
			productType = "com.apple.product-type.application";
		};
		A7012B9A1AC6E010009413D2 /* Core Data DemoTests */ = {
			isa = PBXNativeTarget;
			buildConfigurationList = A7012BA81AC6E010009413D2 /* Build configuration list for PBXNativeTarget "Core Data DemoTests" */;
			buildPhases = (
				A7012B971AC6E010009413D2 /* Sources */,
				A7012B981AC6E010009413D2 /* Frameworks */,
				A7012B991AC6E010009413D2 /* Resources */,
			);
			buildRules = (
			);
			dependencies = (
				A7012B9D1AC6E010009413D2 /* PBXTargetDependency */,
			);
			name = "Core Data DemoTests";
			productName = "Core Data DemoTests";
			productReference = A7012B9B1AC6E010009413D2 /* Core Data DemoTests.xctest */;
			productType = "com.apple.product-type.bundle.unit-test";
		};
/* End PBXNativeTarget section */

/* Begin PBXProject section */
		A7012B7B1AC6E010009413D2 /* Project object */ = {
			isa = PBXProject;
			attributes = {
				LastUpgradeCheck = 0620;
				ORGANIZATIONNAME = "Leonardo Lamas";
				TargetAttributes = {
					A7012B821AC6E010009413D2 = {
						CreatedOnToolsVersion = 6.2;
					};
					A7012B9A1AC6E010009413D2 = {
						CreatedOnToolsVersion = 6.2;
						TestTargetID = A7012B821AC6E010009413D2;
					};
				};
			};
			buildConfigurationList = A7012B7E1AC6E010009413D2 /* Build configuration list for PBXProject "Core Data Demo" */;
			compatibilityVersion = "Xcode 3.2";
			developmentRegion = English;
			hasScannedForEncodings = 0;
			knownRegions = (
				en,
				Base,
			);
			mainGroup = A7012B7A1AC6E010009413D2;
			productRefGroup = A7012B841AC6E010009413D2 /* Products */;
			projectDirPath = "";
			projectRoot = "";
			targets = (
				A7012B821AC6E010009413D2 /* Core Data Demo */,
				A7012B9A1AC6E010009413D2 /* Core Data DemoTests */,
			);
		};
/* End PBXProject section */

/* Begin PBXResourcesBuildPhase section */
		A7012B811AC6E010009413D2 /* Resources */ = {
			isa = PBXResourcesBuildPhase;
			buildActionMask = 2147483647;
			files = (
				A7012B911AC6E010009413D2 /* Main.storyboard in Resources */,
				A7012B961AC6E010009413D2 /* LaunchScreen.xib in Resources */,
				A7012B931AC6E010009413D2 /* Images.xcassets in Resources */,
			);
			runOnlyForDeploymentPostprocessing = 0;
		};
		A7012B991AC6E010009413D2 /* Resources */ = {
			isa = PBXResourcesBuildPhase;
			buildActionMask = 2147483647;
			files = (
			);
			runOnlyForDeploymentPostprocessing = 0;
		};
/* End PBXResourcesBuildPhase section */

/* Begin PBXSourcesBuildPhase section */
		A7012B7F1AC6E010009413D2 /* Sources */ = {
			isa = PBXSourcesBuildPhase;
			buildActionMask = 2147483647;
			files = (
				A7012B8E1AC6E010009413D2 /* ViewController.swift in Sources */,
				A7012B891AC6E010009413D2 /* AppDelegate.swift in Sources */,
				A7012B8C1AC6E010009413D2 /* Core_Data_Demo.xcdatamodeld in Sources */,
			);
			runOnlyForDeploymentPostprocessing = 0;
		};
		A7012B971AC6E010009413D2 /* Sources */ = {
			isa = PBXSourcesBuildPhase;
			buildActionMask = 2147483647;
			files = (
				A7012BA21AC6E010009413D2 /* Core_Data_DemoTests.swift in Sources */,
			);
			runOnlyForDeploymentPostprocessing = 0;
		};
/* End PBXSourcesBuildPhase section */

/* Begin PBXTargetDependency section */
		A7012B9D1AC6E010009413D2 /* PBXTargetDependency */ = {
			isa = PBXTargetDependency;
			target = A7012B821AC6E010009413D2 /* Core Data Demo */;
			targetProxy = A7012B9C1AC6E010009413D2 /* PBXContainerItemProxy */;
		};
/* End PBXTargetDependency section */

/* Begin PBXVariantGroup section */
		A7012B8F1AC6E010009413D2 /* Main.storyboard */ = {
			isa = PBXVariantGroup;
			children = (
				A7012B901AC6E010009413D2 /* Base */,
			);
			name = Main.storyboard;
			sourceTree = "<group>";
		};
		A7012B941AC6E010009413D2 /* LaunchScreen.xib */ = {
			isa = PBXVariantGroup;
			children = (
				A7012B951AC6E010009413D2 /* Base */,
			);
			name = LaunchScreen.xib;
			sourceTree = "<group>";
		};
/* End PBXVariantGroup section */

/* Begin XCBuildConfiguration section */
		A7012BA31AC6E010009413D2 /* Debug */ = {
			isa = XCBuildConfiguration;
			buildSettings = {
				ALWAYS_SEARCH_USER_PATHS = NO;
				CLANG_CXX_LANGUAGE_STANDARD = "gnu++0x";
				CLANG_CXX_LIBRARY = "libc++";
				CLANG_ENABLE_MODULES = YES;
				CLANG_ENABLE_OBJC_ARC = YES;
				CLANG_WARN_BOOL_CONVERSION = YES;
				CLANG_WARN_CONSTANT_CONVERSION = YES;
				CLANG_WARN_DIRECT_OBJC_ISA_USAGE = YES_ERROR;
				CLANG_WARN_EMPTY_BODY = YES;
				CLANG_WARN_ENUM_CONVERSION = YES;
				CLANG_WARN_INT_CONVERSION = YES;
				CLANG_WARN_OBJC_ROOT_CLASS = YES_ERROR;
				CLANG_WARN_UNREACHABLE_CODE = YES;
				CLANG_WARN__DUPLICATE_METHOD_MATCH = YES;
				"CODE_SIGN_IDENTITY[sdk=iphoneos*]" = "iPhone Developer";
				COPY_PHASE_STRIP = NO;
				ENABLE_STRICT_OBJC_MSGSEND = YES;
				GCC_C_LANGUAGE_STANDARD = gnu99;
				GCC_DYNAMIC_NO_PIC = NO;
				GCC_OPTIMIZATION_LEVEL = 0;
				GCC_PREPROCESSOR_DEFINITIONS = (
					"DEBUG=1",
					"$(inherited)",
				);
				GCC_SYMBOLS_PRIVATE_EXTERN = NO;
				GCC_WARN_64_TO_32_BIT_CONVERSION = YES;
				GCC_WARN_ABOUT_RETURN_TYPE = YES_ERROR;
				GCC_WARN_UNDECLARED_SELECTOR = YES;
				GCC_WARN_UNINITIALIZED_AUTOS = YES_AGGRESSIVE;
				GCC_WARN_UNUSED_FUNCTION = YES;
				GCC_WARN_UNUSED_VARIABLE = YES;
				IPHONEOS_DEPLOYMENT_TARGET = 8.2;
				MTL_ENABLE_DEBUG_INFO = YES;
				ONLY_ACTIVE_ARCH = YES;
				SDKROOT = iphoneos;
				SWIFT_OPTIMIZATION_LEVEL = "-Onone";
			};
			name = Debug;
		};
		A7012BA41AC6E010009413D2 /* Release */ = {
			isa = XCBuildConfiguration;
			buildSettings = {
				ALWAYS_SEARCH_USER_PATHS = NO;
				CLANG_CXX_LANGUAGE_STANDARD = "gnu++0x";
				CLANG_CXX_LIBRARY = "libc++";
				CLANG_ENABLE_MODULES = YES;
				CLANG_ENABLE_OBJC_ARC = YES;
				CLANG_WARN_BOOL_CONVERSION = YES;
				CLANG_WARN_CONSTANT_CONVERSION = YES;
				CLANG_WARN_DIRECT_OBJC_ISA_USAGE = YES_ERROR;
				CLANG_WARN_EMPTY_BODY = YES;
				CLANG_WARN_ENUM_CONVERSION = YES;
				CLANG_WARN_INT_CONVERSION = YES;
				CLANG_WARN_OBJC_ROOT_CLASS = YES_ERROR;
				CLANG_WARN_UNREACHABLE_CODE = YES;
				CLANG_WARN__DUPLICATE_METHOD_MATCH = YES;
				"CODE_SIGN_IDENTITY[sdk=iphoneos*]" = "iPhone Developer";
				COPY_PHASE_STRIP = NO;
				ENABLE_NS_ASSERTIONS = NO;
				ENABLE_STRICT_OBJC_MSGSEND = YES;
				GCC_C_LANGUAGE_STANDARD = gnu99;
				GCC_WARN_64_TO_32_BIT_CONVERSION = YES;
				GCC_WARN_ABOUT_RETURN_TYPE = YES_ERROR;
				GCC_WARN_UNDECLARED_SELECTOR = YES;
				GCC_WARN_UNINITIALIZED_AUTOS = YES_AGGRESSIVE;
				GCC_WARN_UNUSED_FUNCTION = YES;
				GCC_WARN_UNUSED_VARIABLE = YES;
				IPHONEOS_DEPLOYMENT_TARGET = 8.2;
				MTL_ENABLE_DEBUG_INFO = NO;
				SDKROOT = iphoneos;
				VALIDATE_PRODUCT = YES;
			};
			name = Release;
		};
		A7012BA61AC6E010009413D2 /* Debug */ = {
			isa = XCBuildConfiguration;
			buildSettings = {
				ASSETCATALOG_COMPILER_APPICON_NAME = AppIcon;
				INFOPLIST_FILE = "Core Data Demo/Info.plist";
				LD_RUNPATH_SEARCH_PATHS = "$(inherited) @executable_path/Frameworks";
				PRODUCT_NAME = "$(TARGET_NAME)";
			};
			name = Debug;
		};
		A7012BA71AC6E010009413D2 /* Release */ = {
			isa = XCBuildConfiguration;
			buildSettings = {
				ASSETCATALOG_COMPILER_APPICON_NAME = AppIcon;
				INFOPLIST_FILE = "Core Data Demo/Info.plist";
				LD_RUNPATH_SEARCH_PATHS = "$(inherited) @executable_path/Frameworks";
				PRODUCT_NAME = "$(TARGET_NAME)";
			};
			name = Release;
		};
		A7012BA91AC6E010009413D2 /* Debug */ = {
			isa = XCBuildConfiguration;
			buildSettings = {
				BUNDLE_LOADER = "$(TEST_HOST)";
				FRAMEWORK_SEARCH_PATHS = (
					"$(SDKROOT)/Developer/Library/Frameworks",
					"$(inherited)",
				);
				GCC_PREPROCESSOR_DEFINITIONS = (
					"DEBUG=1",
					"$(inherited)",
				);
				INFOPLIST_FILE = "Core Data DemoTests/Info.plist";
				LD_RUNPATH_SEARCH_PATHS = "$(inherited) @executable_path/Frameworks @loader_path/Frameworks";
				PRODUCT_NAME = "$(TARGET_NAME)";
				TEST_HOST = "$(BUILT_PRODUCTS_DIR)/Core Data Demo.app/Core Data Demo";
			};
			name = Debug;
		};
		A7012BAA1AC6E010009413D2 /* Release */ = {
			isa = XCBuildConfiguration;
			buildSettings = {
				BUNDLE_LOADER = "$(TEST_HOST)";
				FRAMEWORK_SEARCH_PATHS = (
					"$(SDKROOT)/Developer/Library/Frameworks",
					"$(inherited)",
				);
				INFOPLIST_FILE = "Core Data DemoTests/Info.plist";
				LD_RUNPATH_SEARCH_PATHS = "$(inherited) @executable_path/Frameworks @loader_path/Frameworks";
				PRODUCT_NAME = "$(TARGET_NAME)";
				TEST_HOST = "$(BUILT_PRODUCTS_DIR)/Core Data Demo.app/Core Data Demo";
			};
			name = Release;
		};
/* End XCBuildConfiguration section */

/* Begin XCConfigurationList section */
		A7012B7E1AC6E010009413D2 /* Build configuration list for PBXProject "Core Data Demo" */ = {
			isa = XCConfigurationList;
			buildConfigurations = (
				A7012BA31AC6E010009413D2 /* Debug */,
				A7012BA41AC6E010009413D2 /* Release */,
			);
			defaultConfigurationIsVisible = 0;
			defaultConfigurationName = Release;
		};
		A7012BA51AC6E010009413D2 /* Build configuration list for PBXNativeTarget "Core Data Demo" */ = {
			isa = XCConfigurationList;
			buildConfigurations = (
				A7012BA61AC6E010009413D2 /* Debug */,
				A7012BA71AC6E010009413D2 /* Release */,
			);
			defaultConfigurationIsVisible = 0;
		};
		A7012BA81AC6E010009413D2 /* Build configuration list for PBXNativeTarget "Core Data DemoTests" */ = {
			isa = XCConfigurationList;
			buildConfigurations = (
				A7012BA91AC6E010009413D2 /* Debug */,
				A7012BAA1AC6E010009413D2 /* Release */,
			);
			defaultConfigurationIsVisible = 0;
		};
/* End XCConfigurationList section */

/* Begin XCVersionGroup section */
		A7012B8A1AC6E010009413D2 /* Core_Data_Demo.xcdatamodeld */ = {
			isa = XCVersionGroup;
			children = (
				A7012B8B1AC6E010009413D2 /* Core_Data_Demo.xcdatamodel */,
			);
			currentVersion = A7012B8B1AC6E010009413D2 /* Core_Data_Demo.xcdatamodel */;
			path = Core_Data_Demo.xcdatamodeld;
			sourceTree = "<group>";
			versionGroupType = wrapper.xcdatamodel;
		};
/* End XCVersionGroup section */
	};
	rootObject = A7012B7B1AC6E010009413D2 /* Project object */;
}
