// !$*UTF8*$!
{
	archiveVersion = 1;
	classes = {
	};
	objectVersion = 46;
	objects = {

/* Begin PBXBuildFile section */
		A7012A8A1AC4037F009413D2 /* AppDelegate.swift in Sources */ = {isa = PBXBuildFile; fileRef = A7012A891AC4037F009413D2 /* AppDelegate.swift */; };
		A7012A8D1AC4037F009413D2 /* Where_Am_I.xcdatamodeld in Sources */ = {isa = PBXBuildFile; fileRef = A7012A8B1AC4037F009413D2 /* Where_Am_I.xcdatamodeld */; };
		A7012A8F1AC4037F009413D2 /* ViewController.swift in Sources */ = {isa = PBXBuildFile; fileRef = A7012A8E1AC4037F009413D2 /* ViewController.swift */; };
		A7012A921AC4037F009413D2 /* Main.storyboard in Resources */ = {isa = PBXBuildFile; fileRef = A7012A901AC4037F009413D2 /* Main.storyboard */; };
		A7012A941AC4037F009413D2 /* Images.xcassets in Resources */ = {isa = PBXBuildFile; fileRef = A7012A931AC4037F009413D2 /* Images.xcassets */; };
		A7012A971AC4037F009413D2 /* LaunchScreen.xib in Resources */ = {isa = PBXBuildFile; fileRef = A7012A951AC4037F009413D2 /* LaunchScreen.xib */; };
		A7012AA31AC4037F009413D2 /* Where_Am_ITests.swift in Sources */ = {isa = PBXBuildFile; fileRef = A7012AA21AC4037F009413D2 /* Where_Am_ITests.swift */; };
		A7012AAD1AC4042A009413D2 /* CoreLocation.framework in Frameworks */ = {isa = PBXBuildFile; fileRef = A7012AAC1AC4042A009413D2 /* CoreLocation.framework */; };
/* End PBXBuildFile section */

/* Begin PBXContainerItemProxy section */
		A7012A9D1AC4037F009413D2 /* PBXContainerItemProxy */ = {
			isa = PBXContainerItemProxy;
			containerPortal = A7012A7C1AC4037F009413D2 /* Project object */;
			proxyType = 1;
			remoteGlobalIDString = A7012A831AC4037F009413D2;
			remoteInfo = "Where Am I";
		};
/* End PBXContainerItemProxy section */

/* Begin PBXFileReference section */
		A7012A841AC4037F009413D2 /* Where Am I.app */ = {isa = PBXFileReference; explicitFileType = wrapper.application; includeInIndex = 0; path = "Where Am I.app"; sourceTree = BUILT_PRODUCTS_DIR; };
		A7012A881AC4037F009413D2 /* Info.plist */ = {isa = PBXFileReference; lastKnownFileType = text.plist.xml; path = Info.plist; sourceTree = "<group>"; };
		A7012A891AC4037F009413D2 /* AppDelegate.swift */ = {isa = PBXFileReference; lastKnownFileType = sourcecode.swift; path = AppDelegate.swift; sourceTree = "<group>"; };
		A7012A8C1AC4037F009413D2 /* Where_Am_I.xcdatamodel */ = {isa = PBXFileReference; lastKnownFileType = wrapper.xcdatamodel; path = Where_Am_I.xcdatamodel; sourceTree = "<group>"; };
		A7012A8E1AC4037F009413D2 /* ViewController.swift */ = {isa = PBXFileReference; lastKnownFileType = sourcecode.swift; path = ViewController.swift; sourceTree = "<group>"; };
		A7012A911AC4037F009413D2 /* Base */ = {isa = PBXFileReference; lastKnownFileType = file.storyboard; name = Base; path = Base.lproj/Main.storyboard; sourceTree = "<group>"; };
		A7012A931AC4037F009413D2 /* Images.xcassets */ = {isa = PBXFileReference; lastKnownFileType = folder.assetcatalog; path = Images.xcassets; sourceTree = "<group>"; };
		A7012A961AC4037F009413D2 /* Base */ = {isa = PBXFileReference; lastKnownFileType = file.xib; name = Base; path = Base.lproj/LaunchScreen.xib; sourceTree = "<group>"; };
		A7012A9C1AC4037F009413D2 /* Where Am ITests.xctest */ = {isa = PBXFileReference; explicitFileType = wrapper.cfbundle; includeInIndex = 0; path = "Where Am ITests.xctest"; sourceTree = BUILT_PRODUCTS_DIR; };
		A7012AA11AC4037F009413D2 /* Info.plist */ = {isa = PBXFileReference; lastKnownFileType = text.plist.xml; path = Info.plist; sourceTree = "<group>"; };
		A7012AA21AC4037F009413D2 /* Where_Am_ITests.swift */ = {isa = PBXFileReference; lastKnownFileType = sourcecode.swift; path = Where_Am_ITests.swift; sourceTree = "<group>"; };
		A7012AAC1AC4042A009413D2 /* CoreLocation.framework */ = {isa = PBXFileReference; lastKnownFileType = wrapper.framework; name = CoreLocation.framework; path = System/Library/Frameworks/CoreLocation.framework; sourceTree = SDKROOT; };
/* End PBXFileReference section */

/* Begin PBXFrameworksBuildPhase section */
		A7012A811AC4037F009413D2 /* Frameworks */ = {
			isa = PBXFrameworksBuildPhase;
			buildActionMask = 2147483647;
			files = (
				A7012AAD1AC4042A009413D2 /* CoreLocation.framework in Frameworks */,
			);
			runOnlyForDeploymentPostprocessing = 0;
		};
		A7012A991AC4037F009413D2 /* Frameworks */ = {
			isa = PBXFrameworksBuildPhase;
			buildActionMask = 2147483647;
			files = (
			);
			runOnlyForDeploymentPostprocessing = 0;
		};
/* End PBXFrameworksBuildPhase section */

/* Begin PBXGroup section */
		A7012A7B1AC4037F009413D2 = {
			isa = PBXGroup;
			children = (
				A7012AAC1AC4042A009413D2 /* CoreLocation.framework */,
				A7012A861AC4037F009413D2 /* Where Am I */,
				A7012A9F1AC4037F009413D2 /* Where Am ITests */,
				A7012A851AC4037F009413D2 /* Products */,
			);
			sourceTree = "<group>";
		};
		A7012A851AC4037F009413D2 /* Products */ = {
			isa = PBXGroup;
			children = (
				A7012A841AC4037F009413D2 /* Where Am I.app */,
				A7012A9C1AC4037F009413D2 /* Where Am ITests.xctest */,
			);
			name = Products;
			sourceTree = "<group>";
		};
		A7012A861AC4037F009413D2 /* Where Am I */ = {
			isa = PBXGroup;
			children = (
				A7012A891AC4037F009413D2 /* AppDelegate.swift */,
				A7012A8E1AC4037F009413D2 /* ViewController.swift */,
				A7012A901AC4037F009413D2 /* Main.storyboard */,
				A7012A931AC4037F009413D2 /* Images.xcassets */,
				A7012A951AC4037F009413D2 /* LaunchScreen.xib */,
				A7012A8B1AC4037F009413D2 /* Where_Am_I.xcdatamodeld */,
				A7012A871AC4037F009413D2 /* Supporting Files */,
			);
			path = "Where Am I";
			sourceTree = "<group>";
		};
		A7012A871AC4037F009413D2 /* Supporting Files */ = {
			isa = PBXGroup;
			children = (
				A7012A881AC4037F009413D2 /* Info.plist */,
			);
			name = "Supporting Files";
			sourceTree = "<group>";
		};
		A7012A9F1AC4037F009413D2 /* Where Am ITests */ = {
			isa = PBXGroup;
			children = (
				A7012AA21AC4037F009413D2 /* Where_Am_ITests.swift */,
				A7012AA01AC4037F009413D2 /* Supporting Files */,
			);
			path = "Where Am ITests";
			sourceTree = "<group>";
		};
		A7012AA01AC4037F009413D2 /* Supporting Files */ = {
			isa = PBXGroup;
			children = (
				A7012AA11AC4037F009413D2 /* Info.plist */,
			);
			name = "Supporting Files";
			sourceTree = "<group>";
		};
/* End PBXGroup section */

/* Begin PBXNativeTarget section */
		A7012A831AC4037F009413D2 /* Where Am I */ = {
			isa = PBXNativeTarget;
			buildConfigurationList = A7012AA61AC4037F009413D2 /* Build configuration list for PBXNativeTarget "Where Am I" */;
			buildPhases = (
				A7012A801AC4037F009413D2 /* Sources */,
				A7012A811AC4037F009413D2 /* Frameworks */,
				A7012A821AC4037F009413D2 /* Resources */,
			);
			buildRules = (
			);
			dependencies = (
			);
			name = "Where Am I";
			productName = "Where Am I";
			productReference = A7012A841AC4037F009413D2 /* Where Am I.app */;
			productType = "com.apple.product-type.application";
		};
		A7012A9B1AC4037F009413D2 /* Where Am ITests */ = {
			isa = PBXNativeTarget;
			buildConfigurationList = A7012AA91AC4037F009413D2 /* Build configuration list for PBXNativeTarget "Where Am ITests" */;
			buildPhases = (
				A7012A981AC4037F009413D2 /* Sources */,
				A7012A991AC4037F009413D2 /* Frameworks */,
				A7012A9A1AC4037F009413D2 /* Resources */,
			);
			buildRules = (
			);
			dependencies = (
				A7012A9E1AC4037F009413D2 /* PBXTargetDependency */,
			);
			name = "Where Am ITests";
			productName = "Where Am ITests";
			productReference = A7012A9C1AC4037F009413D2 /* Where Am ITests.xctest */;
			productType = "com.apple.product-type.bundle.unit-test";
		};
/* End PBXNativeTarget section */

/* Begin PBXProject section */
		A7012A7C1AC4037F009413D2 /* Project object */ = {
			isa = PBXProject;
			attributes = {
				LastUpgradeCheck = 0620;
				ORGANIZATIONNAME = "Leonardo Lamas";
				TargetAttributes = {
					A7012A831AC4037F009413D2 = {
						CreatedOnToolsVersion = 6.2;
					};
					A7012A9B1AC4037F009413D2 = {
						CreatedOnToolsVersion = 6.2;
						TestTargetID = A7012A831AC4037F009413D2;
					};
				};
			};
			buildConfigurationList = A7012A7F1AC4037F009413D2 /* Build configuration list for PBXProject "Where Am I" */;
			compatibilityVersion = "Xcode 3.2";
			developmentRegion = English;
			hasScannedForEncodings = 0;
			knownRegions = (
				en,
				Base,
			);
			mainGroup = A7012A7B1AC4037F009413D2;
			productRefGroup = A7012A851AC4037F009413D2 /* Products */;
			projectDirPath = "";
			projectRoot = "";
			targets = (
				A7012A831AC4037F009413D2 /* Where Am I */,
				A7012A9B1AC4037F009413D2 /* Where Am ITests */,
			);
		};
/* End PBXProject section */

/* Begin PBXResourcesBuildPhase section */
		A7012A821AC4037F009413D2 /* Resources */ = {
			isa = PBXResourcesBuildPhase;
			buildActionMask = 2147483647;
			files = (
				A7012A921AC4037F009413D2 /* Main.storyboard in Resources */,
				A7012A971AC4037F009413D2 /* LaunchScreen.xib in Resources */,
				A7012A941AC4037F009413D2 /* Images.xcassets in Resources */,
			);
			runOnlyForDeploymentPostprocessing = 0;
		};
		A7012A9A1AC4037F009413D2 /* Resources */ = {
			isa = PBXResourcesBuildPhase;
			buildActionMask = 2147483647;
			files = (
			);
			runOnlyForDeploymentPostprocessing = 0;
		};
/* End PBXResourcesBuildPhase section */

/* Begin PBXSourcesBuildPhase section */
		A7012A801AC4037F009413D2 /* Sources */ = {
			isa = PBXSourcesBuildPhase;
			buildActionMask = 2147483647;
			files = (
				A7012A8F1AC4037F009413D2 /* ViewController.swift in Sources */,
				A7012A8A1AC4037F009413D2 /* AppDelegate.swift in Sources */,
				A7012A8D1AC4037F009413D2 /* Where_Am_I.xcdatamodeld in Sources */,
			);
			runOnlyForDeploymentPostprocessing = 0;
		};
		A7012A981AC4037F009413D2 /* Sources */ = {
			isa = PBXSourcesBuildPhase;
			buildActionMask = 2147483647;
			files = (
				A7012AA31AC4037F009413D2 /* Where_Am_ITests.swift in Sources */,
			);
			runOnlyForDeploymentPostprocessing = 0;
		};
/* End PBXSourcesBuildPhase section */

/* Begin PBXTargetDependency section */
		A7012A9E1AC4037F009413D2 /* PBXTargetDependency */ = {
			isa = PBXTargetDependency;
			target = A7012A831AC4037F009413D2 /* Where Am I */;
			targetProxy = A7012A9D1AC4037F009413D2 /* PBXContainerItemProxy */;
		};
/* End PBXTargetDependency section */

/* Begin PBXVariantGroup section */
		A7012A901AC4037F009413D2 /* Main.storyboard */ = {
			isa = PBXVariantGroup;
			children = (
				A7012A911AC4037F009413D2 /* Base */,
			);
			name = Main.storyboard;
			sourceTree = "<group>";
		};
		A7012A951AC4037F009413D2 /* LaunchScreen.xib */ = {
			isa = PBXVariantGroup;
			children = (
				A7012A961AC4037F009413D2 /* Base */,
			);
			name = LaunchScreen.xib;
			sourceTree = "<group>";
		};
/* End PBXVariantGroup section */

/* Begin XCBuildConfiguration section */
		A7012AA41AC4037F009413D2 /* Debug */ = {
			isa = XCBuildConfiguration;
			buildSettings = {
				ALWAYS_SEARCH_USER_PATHS = NO;
				CLANG_CXX_LANGUAGE_STANDARD = "gnu++0x";
				CLANG_CXX_LIBRARY = "libc++";
				CLANG_ENABLE_MODULES = YES;
				CLANG_ENABLE_OBJC_ARC = YES;
				CLANG_WARN_BOOL_CONVERSION = YES;
				CLANG_WARN_CONSTANT_CONVERSION = YES;
				CLANG_WARN_DIRECT_OBJC_ISA_USAGE = YES_ERROR;
				CLANG_WARN_EMPTY_BODY = YES;
				CLANG_WARN_ENUM_CONVERSION = YES;
				CLANG_WARN_INT_CONVERSION = YES;
				CLANG_WARN_OBJC_ROOT_CLASS = YES_ERROR;
				CLANG_WARN_UNREACHABLE_CODE = YES;
				CLANG_WARN__DUPLICATE_METHOD_MATCH = YES;
				"CODE_SIGN_IDENTITY[sdk=iphoneos*]" = "iPhone Developer";
				COPY_PHASE_STRIP = NO;
				ENABLE_STRICT_OBJC_MSGSEND = YES;
				GCC_C_LANGUAGE_STANDARD = gnu99;
				GCC_DYNAMIC_NO_PIC = NO;
				GCC_OPTIMIZATION_LEVEL = 0;
				GCC_PREPROCESSOR_DEFINITIONS = (
					"DEBUG=1",
					"$(inherited)",
				);
				GCC_SYMBOLS_PRIVATE_EXTERN = NO;
				GCC_WARN_64_TO_32_BIT_CONVERSION = YES;
				GCC_WARN_ABOUT_RETURN_TYPE = YES_ERROR;
				GCC_WARN_UNDECLARED_SELECTOR = YES;
				GCC_WARN_UNINITIALIZED_AUTOS = YES_AGGRESSIVE;
				GCC_WARN_UNUSED_FUNCTION = YES;
				GCC_WARN_UNUSED_VARIABLE = YES;
				IPHONEOS_DEPLOYMENT_TARGET = 8.2;
				MTL_ENABLE_DEBUG_INFO = YES;
				ONLY_ACTIVE_ARCH = YES;
				SDKROOT = iphoneos;
				SWIFT_OPTIMIZATION_LEVEL = "-Onone";
			};
			name = Debug;
		};
		A7012AA51AC4037F009413D2 /* Release */ = {
			isa = XCBuildConfiguration;
			buildSettings = {
				ALWAYS_SEARCH_USER_PATHS = NO;
				CLANG_CXX_LANGUAGE_STANDARD = "gnu++0x";
				CLANG_CXX_LIBRARY = "libc++";
				CLANG_ENABLE_MODULES = YES;
				CLANG_ENABLE_OBJC_ARC = YES;
				CLANG_WARN_BOOL_CONVERSION = YES;
				CLANG_WARN_CONSTANT_CONVERSION = YES;
				CLANG_WARN_DIRECT_OBJC_ISA_USAGE = YES_ERROR;
				CLANG_WARN_EMPTY_BODY = YES;
				CLANG_WARN_ENUM_CONVERSION = YES;
				CLANG_WARN_INT_CONVERSION = YES;
				CLANG_WARN_OBJC_ROOT_CLASS = YES_ERROR;
				CLANG_WARN_UNREACHABLE_CODE = YES;
				CLANG_WARN__DUPLICATE_METHOD_MATCH = YES;
				"CODE_SIGN_IDENTITY[sdk=iphoneos*]" = "iPhone Developer";
				COPY_PHASE_STRIP = NO;
				ENABLE_NS_ASSERTIONS = NO;
				ENABLE_STRICT_OBJC_MSGSEND = YES;
				GCC_C_LANGUAGE_STANDARD = gnu99;
				GCC_WARN_64_TO_32_BIT_CONVERSION = YES;
				GCC_WARN_ABOUT_RETURN_TYPE = YES_ERROR;
				GCC_WARN_UNDECLARED_SELECTOR = YES;
				GCC_WARN_UNINITIALIZED_AUTOS = YES_AGGRESSIVE;
				GCC_WARN_UNUSED_FUNCTION = YES;
				GCC_WARN_UNUSED_VARIABLE = YES;
				IPHONEOS_DEPLOYMENT_TARGET = 8.2;
				MTL_ENABLE_DEBUG_INFO = NO;
				SDKROOT = iphoneos;
				VALIDATE_PRODUCT = YES;
			};
			name = Release;
		};
		A7012AA71AC4037F009413D2 /* Debug */ = {
			isa = XCBuildConfiguration;
			buildSettings = {
				ASSETCATALOG_COMPILER_APPICON_NAME = AppIcon;
				INFOPLIST_FILE = "Where Am I/Info.plist";
				LD_RUNPATH_SEARCH_PATHS = "$(inherited) @executable_path/Frameworks";
				PRODUCT_NAME = "$(TARGET_NAME)";
			};
			name = Debug;
		};
		A7012AA81AC4037F009413D2 /* Release */ = {
			isa = XCBuildConfiguration;
			buildSettings = {
				ASSETCATALOG_COMPILER_APPICON_NAME = AppIcon;
				INFOPLIST_FILE = "Where Am I/Info.plist";
				LD_RUNPATH_SEARCH_PATHS = "$(inherited) @executable_path/Frameworks";
				PRODUCT_NAME = "$(TARGET_NAME)";
			};
			name = Release;
		};
		A7012AAA1AC4037F009413D2 /* Debug */ = {
			isa = XCBuildConfiguration;
			buildSettings = {
				BUNDLE_LOADER = "$(TEST_HOST)";
				FRAMEWORK_SEARCH_PATHS = (
					"$(SDKROOT)/Developer/Library/Frameworks",
					"$(inherited)",
				);
				GCC_PREPROCESSOR_DEFINITIONS = (
					"DEBUG=1",
					"$(inherited)",
				);
				INFOPLIST_FILE = "Where Am ITests/Info.plist";
				LD_RUNPATH_SEARCH_PATHS = "$(inherited) @executable_path/Frameworks @loader_path/Frameworks";
				PRODUCT_NAME = "$(TARGET_NAME)";
				TEST_HOST = "$(BUILT_PRODUCTS_DIR)/Where Am I.app/Where Am I";
			};
			name = Debug;
		};
		A7012AAB1AC4037F009413D2 /* Release */ = {
			isa = XCBuildConfiguration;
			buildSettings = {
				BUNDLE_LOADER = "$(TEST_HOST)";
				FRAMEWORK_SEARCH_PATHS = (
					"$(SDKROOT)/Developer/Library/Frameworks",
					"$(inherited)",
				);
				INFOPLIST_FILE = "Where Am ITests/Info.plist";
				LD_RUNPATH_SEARCH_PATHS = "$(inherited) @executable_path/Frameworks @loader_path/Frameworks";
				PRODUCT_NAME = "$(TARGET_NAME)";
				TEST_HOST = "$(BUILT_PRODUCTS_DIR)/Where Am I.app/Where Am I";
			};
			name = Release;
		};
/* End XCBuildConfiguration section */

/* Begin XCConfigurationList section */
		A7012A7F1AC4037F009413D2 /* Build configuration list for PBXProject "Where Am I" */ = {
			isa = XCConfigurationList;
			buildConfigurations = (
				A7012AA41AC4037F009413D2 /* Debug */,
				A7012AA51AC4037F009413D2 /* Release */,
			);
			defaultConfigurationIsVisible = 0;
			defaultConfigurationName = Release;
		};
		A7012AA61AC4037F009413D2 /* Build configuration list for PBXNativeTarget "Where Am I" */ = {
			isa = XCConfigurationList;
			buildConfigurations = (
				A7012AA71AC4037F009413D2 /* Debug */,
				A7012AA81AC4037F009413D2 /* Release */,
			);
			defaultConfigurationIsVisible = 0;
		};
		A7012AA91AC4037F009413D2 /* Build configuration list for PBXNativeTarget "Where Am ITests" */ = {
			isa = XCConfigurationList;
			buildConfigurations = (
				A7012AAA1AC4037F009413D2 /* Debug */,
				A7012AAB1AC4037F009413D2 /* Release */,
			);
			defaultConfigurationIsVisible = 0;
		};
/* End XCConfigurationList section */

/* Begin XCVersionGroup section */
		A7012A8B1AC4037F009413D2 /* Where_Am_I.xcdatamodeld */ = {
			isa = XCVersionGroup;
			children = (
				A7012A8C1AC4037F009413D2 /* Where_Am_I.xcdatamodel */,
			);
			currentVersion = A7012A8C1AC4037F009413D2 /* Where_Am_I.xcdatamodel */;
			path = Where_Am_I.xcdatamodeld;
			sourceTree = "<group>";
			versionGroupType = wrapper.xcdatamodel;
		};
/* End XCVersionGroup section */
	};
	rootObject = A7012A7C1AC4037F009413D2 /* Project object */;
}
